
Microsoft Visual Studio Solution File, Format Version 12.00
# Visual Studio Version 17
VisualStudioVersion = 17.2.32602.215
MinimumVisualStudioVersion = 10.0.40219.1
Project("{FAE04EC0-301F-11D3-BF4B-00C04F79EFBC}") = "RazorPagesMovie", "RazorPagesMovie.csproj", "{CA398258-493E-474B-BEB7-84C95538ADD8}"
EndProject
Global
	GlobalSection(SolutionConfigurationPlatforms) = preSolution
		Debug|Any CPU = Debug|Any CPU
		Release|Any CPU = Release|Any CPU
	EndGlobalSection
	GlobalSection(ProjectConfigurationPlatforms) = postSolution
		{CA398258-493E-474B-BEB7-84C95538ADD8}.Debug|Any CPU.ActiveCfg = Debug|Any CPU
		{CA398258-493E-474B-BEB7-84C95538ADD8}.Debug|Any CPU.Build.0 = Debug|Any CPU
		{CA398258-493E-474B-BEB7-84C95538ADD8}.Release|Any CPU.ActiveCfg = Release|Any CPU
		{CA398258-493E-474B-BEB7-84C95538ADD8}.Release|Any CPU.Build.0 = Release|Any CPU
	EndGlobalSection
	GlobalSection(SolutionProperties) = preSolution
		HideSolutionNode = FALSE
	EndGlobalSection
	GlobalSection(ExtensibilityGlobals) = postSolution
		SolutionGuid = {3E41ACD8-9133-400A-A000-9679A856B936}
	EndGlobalSection
EndGlobal
